
Microsoft Visual Studio Solution File, Format Version 12.00
# Visual Studio Version 17
VisualStudioVersion = 17.10.34928.147
MinimumVisualStudioVersion = 10.0.40219.1
Project("{8BC9CEB8-8B4A-11D0-8D11-00A0C91BC942}") = "Sandbox", "Sandbox\Sandbox.vcxproj", "{3BEDD4D5-E08E-41D9-8372-986D825A71AB}"
EndProject
Project("{8BC9CEB8-8B4A-11D0-8D11-00A0C91BC942}") = "Handles", "Handles\Handles.vcxproj", "{70229464-B92D-4700-9E67-0A699422F868}"
EndProject
Global
	GlobalSection(SolutionConfigurationPlatforms) = preSolution
		Debug|x64 = Debug|x64
		Release|x64 = Release|x64
	EndGlobalSection
	GlobalSection(ProjectConfigurationPlatforms) = postSolution
		{70229464-B92D-4700-9E67-0A699422F868}.Debug|x64.ActiveCfg = Debug|x64
		{70229464-B92D-4700-9E67-0A699422F868}.Debug|x64.Build.0 = Debug|x64
		{70229464-B92D-4700-9E67-0A699422F868}.Release|x64.ActiveCfg = Release|x64
		{70229464-B92D-4700-9E67-0A699422F868}.Release|x64.Build.0 = Release|x64
		{3BEDD4D5-E08E-41D9-8372-986D825A71AB}.Debug|x64.ActiveCfg = Debug|x64
		{3BEDD4D5-E08E-41D9-8372-986D825A71AB}.Debug|x64.Build.0 = Debug|x64
		{3BEDD4D5-E08E-41D9-8372-986D825A71AB}.Release|x64.ActiveCfg = Release|x64
		{3BEDD4D5-E08E-41D9-8372-986D825A71AB}.Release|x64.Build.0 = Release|x64
	EndGlobalSection
	GlobalSection(SolutionProperties) = preSolution
		HideSolutionNode = FALSE
	EndGlobalSection
	GlobalSection(ExtensibilityGlobals) = postSolution
		SolutionGuid = {B2360682-B851-4C80-B407-4C60C7374DA9}
	EndGlobalSection
EndGlobal
